{
	"name": "app",
	"version": "1.0.0",
	"lockfileVersion": 2,
	"requires": true,
	"packages": {
		"": {
			"name": "app",
			"version": "1.0.0",
			"license": "ISC",
			"dependencies": {
				"babel": "^6.23.0",
				"bootstrap": "^5.2.0",
				"jquery": "^3.6.0",
				"momentjs": "^2.0.0"
			}
		},
		"node_modules/@popperjs/core": {
			"version": "2.11.6",
			"resolved": "https://registry.npmjs.org/@popperjs/core/-/core-2.11.6.tgz",
			"integrity": "sha512-50/17A98tWUfQ176raKiOGXuYpLyyVMkxxG6oylzL3BPOlA6ADGdK7EYunSa4I064xerltq9TGXs8HmOk5E+vw==",
			"peer": true,
			"funding": {
				"type": "opencollective",
				"url": "https://opencollective.com/popperjs"
			}
		},
		"node_modules/babel": {
			"version": "6.23.0",
			"resolved": "https://registry.npmjs.org/babel/-/babel-6.23.0.tgz",
			"integrity": "sha512-ZDcCaI8Vlct8PJ3DvmyqUz+5X2Ylz3ZuuItBe/74yXosk2dwyVo/aN7MCJ8HJzhnnJ+6yP4o+lDgG9MBe91DLA==",
			"deprecated": "In 6.x, the babel package has been deprecated in favor of babel-cli. Check https://opencollective.com/babel to support the Babel maintainers",
			"bin": {
				"babel": "lib/cli.js",
				"babel-external-helpers": "lib/cli.js",
				"babel-node": "lib/cli.js"
			}
		},
		"node_modules/bootstrap": {
			"version": "5.2.0",
			"resolved": "https://registry.npmjs.org/bootstrap/-/bootstrap-5.2.0.tgz",
			"integrity": "sha512-qlnS9GL6YZE6Wnef46GxGv1UpGGzAwO0aPL1yOjzDIJpeApeMvqV24iL+pjr2kU4dduoBA9fINKWKgMToobx9A==",
			"funding": [
				{
					"type": "github",
					"url": "https://github.com/sponsors/twbs"
				},
				{
					"type": "opencollective",
					"url": "https://opencollective.com/bootstrap"
				}
			],
			"peerDependencies": {
				"@popperjs/core": "^2.11.5"
			}
		},
		"node_modules/jquery": {
			"version": "3.6.0",
			"resolved": "https://registry.npmjs.org/jquery/-/jquery-3.6.0.tgz",
			"integrity": "sha512-JVzAR/AjBvVt2BmYhxRCSYysDsPcssdmTFnzyLEts9qNwmjmu4JTAMYubEfwVOSwpQ1I1sKKFcxhZCI2buerfw=="
		},
		"node_modules/momentjs": {
			"version": "2.0.0",
			"resolved": "https://registry.npmjs.org/momentjs/-/momentjs-2.0.0.tgz",
			"integrity": "sha512-GYMUxLyCwVhECkJR1/LMHEyb9gWYSPRnXi+elGN0m5bet7ngQOxU4QLWUI/eBzgN4N/T194n6yP7lQiE+Udw9A==",
			"deprecated": "WARNING: The correct package name for Moment.js is 'moment', not 'momentjs'."
		}
	},
	"dependencies": {
		"@popperjs/core": {
			"version": "2.11.6",
			"resolved": "https://registry.npmjs.org/@popperjs/core/-/core-2.11.6.tgz",
			"integrity": "sha512-50/17A98tWUfQ176raKiOGXuYpLyyVMkxxG6oylzL3BPOlA6ADGdK7EYunSa4I064xerltq9TGXs8HmOk5E+vw==",
			"peer": true
		},
		"babel": {
			"version": "6.23.0",
			"resolved": "https://registry.npmjs.org/babel/-/babel-6.23.0.tgz",
			"integrity": "sha512-ZDcCaI8Vlct8PJ3DvmyqUz+5X2Ylz3ZuuItBe/74yXosk2dwyVo/aN7MCJ8HJzhnnJ+6yP4o+lDgG9MBe91DLA=="
		},
		"bootstrap": {
			"version": "5.2.0",
			"resolved": "https://registry.npmjs.org/bootstrap/-/bootstrap-5.2.0.tgz",
			"integrity": "sha512-qlnS9GL6YZE6Wnef46GxGv1UpGGzAwO0aPL1yOjzDIJpeApeMvqV24iL+pjr2kU4dduoBA9fINKWKgMToobx9A==",
			"requires": {}
		},
		"jquery": {
			"version": "3.6.0",
			"resolved": "https://registry.npmjs.org/jquery/-/jquery-3.6.0.tgz",
			"integrity": "sha512-JVzAR/AjBvVt2BmYhxRCSYysDsPcssdmTFnzyLEts9qNwmjmu4JTAMYubEfwVOSwpQ1I1sKKFcxhZCI2buerfw=="
		},
		"momentjs": {
			"version": "2.0.0",
			"resolved": "https://registry.npmjs.org/momentjs/-/momentjs-2.0.0.tgz",
			"integrity": "sha512-GYMUxLyCwVhECkJR1/LMHEyb9gWYSPRnXi+elGN0m5bet7ngQOxU4QLWUI/eBzgN4N/T194n6yP7lQiE+Udw9A=="
		}
	}
}
